{
  "name": "ROBLOXDHL",
  "lockfileVersion": 3,
  "requires": true,
  "packages": {
    "": {
      "dependencies": {
        "@ai-sdk/groq": "^4.0.28",
        "@ai-sdk/react": "^4.0.67",
        "ai": "^7.0.64",
        "zod": "^4.4.3"
      }
    },
    "node_modules/@ai-sdk/gateway": {
      "version": "4.0.51",
      "resolved": "https://registry.npmjs.org/@ai-sdk/gateway/-/gateway-4.0.51.tgz",
      "integrity": "sha512-tQxWGUbg/O3A5EgekJo/C2byLVQ1r+vL6QdEVWmxUSnPhdCupcOeDbQO1tv9Um40VrdwYuSWlYzcbWvtlG5bOA==",
      "license": "Apache-2.0",
      "dependencies": {
        "@ai-sdk/provider": "4.0.7",
        "@ai-sdk/provider-utils": "5.0.27",
        "@vercel/oidc": "3.2.0"
      },
      "engines": {
        "node": ">=22"
      },
      "peerDependencies": {
        "zod": "^3.25.76 || ^4.1.8"
      }
    },
    "node_modules/@ai-sdk/groq": {
      "version": "4.0.28",
      "resolved": "https://registry.npmjs.org/@ai-sdk/groq/-/groq-4.0.28.tgz",
      "integrity": "sha512-r9MWcjZUbl05dyKnaYeHawyAbiTtZctQF+MAXxTH+Z29gaJt+amW88/gKA+xAFG3V8kDW9P2dtshKiJ2v/UDpw==",
      "license": "Apache-2.0",
      "dependencies": {
        "@ai-sdk/provider": "4.0.7",
        "@ai-sdk/provider-utils": "5.0.27"
      },
      "engines": {
        "node": ">=22"
      },
      "peerDependencies": {
        "zod": "^3.25.76 || ^4.1.8"
      }
    },
    "node_modules/@ai-sdk/mcp": {
      "version": "2.0.31",
      "resolved": "https://registry.npmjs.org/@ai-sdk/mcp/-/mcp-2.0.31.tgz",
      "integrity": "sha512-vBxkIg4CB9wQjWYo5uu1G/Vv3Xhbi3JZ47HoT5ywLNTycxKlY2RGGynTyGqcXLcvWBErRyMygDYVFn8VPc1N+w==",
      "license": "Apache-2.0",
      "dependencies": {
        "@ai-sdk/provider": "4.0.7",
        "@ai-sdk/provider-utils": "5.0.27",
        "pkce-challenge": "^5.0.1"
      },
      "engines": {
        "node": ">=22"
      },
      "peerDependencies": {
        "zod": "^3.25.76 || ^4.1.8"
      }
    },
    "node_modules/@ai-sdk/provider": {
      "version": "4.0.7",
      "resolved": "https://registry.npmjs.org/@ai-sdk/provider/-/provider-4.0.7.tgz",
      "integrity": "sha512-6or44XprPzKbr8zkmzosowSE0pxkvJcoojBL+mCZvPUt3kvXp3XSNqeVun9golb1acEfSo6yaEBRT18h2VU+1Q==",
      "license": "Apache-2.0",
      "dependencies": {
        "json-schema": "^0.4.0"
      },
      "engines": {
        "node": ">=22"
      }
    },
    "node_modules/@ai-sdk/provider-utils": {
      "version": "5.0.27",
      "resolved": "https://registry.npmjs.org/@ai-sdk/provider-utils/-/provider-utils-5.0.27.tgz",
      "integrity": "sha512-EzAn4pdgG5g0xXtH6lE2zyNmfjDQIDjATkfqzuidEI35g++hh4+07vnjzkT/RmGmIClPZiRj/Q2GMPV2V7mkHw==",
      "license": "Apache-2.0",
      "dependencies": {
        "@ai-sdk/provider": "4.0.7",
        "@standard-schema/spec": "^1.1.0",
        "@workflow/serde": "4.1.0",
        "eventsource-parser": "^3.0.8",
        "undici": "^7.28.0"
      },
      "engines": {
        "node": ">=22"
      },
      "peerDependencies": {
        "zod": "^3.25.76 || ^4.1.8"
      }
    },
    "node_modules/@ai-sdk/react": {
      "version": "4.0.67",
      "resolved": "https://registry.npmjs.org/@ai-sdk/react/-/react-4.0.67.tgz",
      "integrity": "sha512-gzkiKbgByM8Khg9VRscaPgnG+2Es2v+huFypnkcRho5dz4iE/0DnigxSBFebBmDG94Dzk0IcFsERttBqJCPCng==",
      "license": "Apache-2.0",
      "dependencies": {
        "@ai-sdk/mcp": "2.0.31",
        "@ai-sdk/provider": "4.0.7",
        "@ai-sdk/provider-utils": "5.0.27",
        "ai": "7.0.64",
        "swr": "^2.4.1",
        "throttleit": "2.1.0"
      },
      "engines": {
        "node": ">=22"
      },
      "peerDependencies": {
        "react": "^18 || ~19.0.1 || ~19.1.2 || ^19.2.1"
      }
    },
    "node_modules/@standard-schema/spec": {
      "version": "1.1.0",
      "resolved": "https://registry.npmjs.org/@standard-schema/spec/-/spec-1.1.0.tgz",
      "integrity": "sha512-l2aFy5jALhniG5HgqrD6jXLi/rUWrKvqN/qJx6yoJsgKhblVd+iqqU4RCXavm/jPityDo5TCvKMnpjKnOriy0w==",
      "license": "MIT"
    },
    "node_modules/@vercel/oidc": {
      "version": "3.2.0",
      "resolved": "https://registry.npmjs.org/@vercel/oidc/-/oidc-3.2.0.tgz",
      "integrity": "sha512-UycprH3T6n3jH0k44NHMa7pnFHGu/N05MjojYr+Mc6I7obkoLIJujSWwin1pCvdy/eOxrI/l3uDLQsmcrOb4ug==",
      "license": "Apache-2.0",
      "engines": {
        "node": ">= 20"
      }
    },
    "node_modules/@workflow/serde": {
      "version": "4.1.0",
      "resolved": "https://registry.npmjs.org/@workflow/serde/-/serde-4.1.0.tgz",
      "integrity": "sha512-pav4F2BoirECWR7Nf1TKt+2eETcBj7jj4cBefQ8VXQCA6NPkaKeLfj/zMgi+3zYV5ZIBT4GuUiphsj0/b9hPQQ==",
      "license": "Apache-2.0"
    },
    "node_modules/ai": {
      "version": "7.0.64",
      "resolved": "https://registry.npmjs.org/ai/-/ai-7.0.64.tgz",
      "integrity": "sha512-29Ufm56e53pRzIPueWzZiwJsgxmZStaBFpwEkVM89sqyIIax/pzDm+ez/ksJ/CcY9UCuYzvCQpE2zkFHICvS3w==",
      "license": "Apache-2.0",
      "dependencies": {
        "@ai-sdk/gateway": "4.0.51",
        "@ai-sdk/provider": "4.0.7",
        "@ai-sdk/provider-utils": "5.0.27"
      },
      "engines": {
        "node": ">=22"
      },
      "peerDependencies": {
        "zod": "^3.25.76 || ^4.1.8"
      }
    },
    "node_modules/dequal": {
      "version": "2.0.3",
      "resolved": "https://registry.npmjs.org/dequal/-/dequal-2.0.3.tgz",
      "integrity": "sha512-0je+qPKHEMohvfRTCEo3CrPG6cAzAYgmzKyxRiYSSDkS6eGJdyVJm7WaYA5ECaAD9wLB2T4EEeymA5aFVcYXCA==",
      "license": "MIT",
      "engines": {
        "node": ">=6"
      }
    },
    "node_modules/eventsource-parser": {
      "version": "3.1.1",
      "resolved": "https://registry.npmjs.org/eventsource-parser/-/eventsource-parser-3.1.1.tgz",
      "integrity": "sha512-EKN1vKAMcZ8MlYMpaNuxN6R9yakzH6uajHcHVTqWJzvu5pWw9DyhbP35HH8MVBQ+dZjAfDxk+A8NiR9KWaXiyQ==",
      "license": "MIT",
      "engines": {
        "node": ">=18.0.0"
      }
    },
    "node_modules/js-tokens": {
      "version": "4.0.0",
      "resolved": "https://registry.npmjs.org/js-tokens/-/js-tokens-4.0.0.tgz",
      "integrity": "sha512-RdJUflcE3cUzKiMqQgsCu06FPu9UdIJO0beYbPhHN4k6apgJtifcoCtT9bcxOpYBtpD2kCM6Sbzg4CausW/PKQ==",
      "license": "MIT",
      "peer": true
    },
    "node_modules/json-schema": {
      "version": "0.4.0",
      "resolved": "https://registry.npmjs.org/json-schema/-/json-schema-0.4.0.tgz",
      "integrity": "sha512-es94M3nTIfsEPisRafak+HDLfHXnKBhV3vU5eqPcS3flIWqcxJWgXHXiey3YrpaNsanY5ei1VoYEbOzijuq9BA==",
      "license": "(AFL-2.1 OR BSD-3-Clause)"
    },
    "node_modules/loose-envify": {
      "version": "1.4.0",
      "resolved": "https://registry.npmjs.org/loose-envify/-/loose-envify-1.4.0.tgz",
      "integrity": "sha512-lyuxPGr/Wfhrlem2CL/UcnUc1zcqKAImBDzukY7Y5F/yQiNdko6+fRLevlw1HgMySw7f611UIY408EtxRSoK3Q==",
      "license": "MIT",
      "peer": true,
      "dependencies": {
        "js-tokens": "^3.0.0 || ^4.0.0"
      },
      "bin": {
        "loose-envify": "cli.js"
      }
    },
    "node_modules/pkce-challenge": {
      "version": "5.0.1",
      "resolved": "https://registry.npmjs.org/pkce-challenge/-/pkce-challenge-5.0.1.tgz",
      "integrity": "sha512-wQ0b/W4Fr01qtpHlqSqspcj3EhBvimsdh0KlHhH8HRZnMsEa0ea2fTULOXOS9ccQr3om+GcGRk4e+isrZWV8qQ==",
      "license": "MIT",
      "engines": {
        "node": ">=16.20.0"
      }
    },
    "node_modules/react": {
      "version": "18.3.1",
      "resolved": "https://registry.npmjs.org/react/-/react-18.3.1.tgz",
      "integrity": "sha512-wS+hAgJShR0KhEvPJArfuPVN1+Hz1t0Y6n5jLrGQbkb4urgPE/0Rve+1kMB1v/oWgHgm4WIcV+i7F2pTVj+2iQ==",
      "license": "MIT",
      "peer": true,
      "dependencies": {
        "loose-envify": "^1.1.0"
      },
      "engines": {
        "node": ">=0.10.0"
      }
    },
    "node_modules/swr": {
      "version": "2.5.1",
      "resolved": "https://registry.npmjs.org/swr/-/swr-2.5.1.tgz",
      "integrity": "sha512-BRw55e8r0B7SpDN20CAzoQAHl7y1yP7/Zt7oqUjMv0vSt2u2Xnkm88Ws+VypbV9BXHQVuSuyVq7zMjO16wSExw==",
      "license": "MIT",
      "dependencies": {
        "dequal": "^2.0.3",
        "use-sync-external-store": "^1.6.0"
      },
      "peerDependencies": {
        "react": "^16.11.0 || ^17.0.0 || ^18.0.0 || ^19.0.0"
      }
    },
    "node_modules/throttleit": {
      "version": "2.1.0",
      "resolved": "https://registry.npmjs.org/throttleit/-/throttleit-2.1.0.tgz",
      "integrity": "sha512-nt6AMGKW1p/70DF/hGBdJB57B8Tspmbp5gfJ8ilhLnt7kkr2ye7hzD6NVG8GGErk2HWF34igrL2CXmNIkzKqKw==",
      "license": "MIT",
      "engines": {
        "node": ">=18"
      },
      "funding": {
        "url": "https://github.com/sponsors/sindresorhus"
      }
    },
    "node_modules/undici": {
      "version": "7.29.0",
      "resolved": "https://registry.npmjs.org/undici/-/undici-7.29.0.tgz",
      "integrity": "sha512-IDxfleLmmbSskfWSUATiN1nfn2rDuvnMOqb5CWR92iIfojA0Ud+ulOAAEQ57LPr9rWmsreUyf5lwyao+7GNNVw==",
      "license": "MIT",
      "engines": {
        "node": ">=20.18.1"
      }
    },
    "node_modules/use-sync-external-store": {
      "version": "1.6.0",
      "resolved": "https://registry.npmjs.org/use-sync-external-store/-/use-sync-external-store-1.6.0.tgz",
      "integrity": "sha512-Pp6GSwGP/NrPIrxVFAIkOQeyw8lFenOHijQWkUTrDvrF4ALqylP2C/KCkeS9dpUM3KvYRQhna5vt7IL95+ZQ9w==",
      "license": "MIT",
      "peerDependencies": {
        "react": "^16.8.0 || ^17.0.0 || ^18.0.0 || ^19.0.0"
      }
    },
    "node_modules/zod": {
      "version": "4.4.3",
      "resolved": "https://registry.npmjs.org/zod/-/zod-4.4.3.tgz",
      "integrity": "sha512-ytENFjIJFl2UwYglde2jchW2Hwm4GJFLDiSXWdTrJQBIN9Fcyp7n4DhxJEiWNAJMV1/BqWfW/kkg71UDcHJyTQ==",
      "license": "MIT",
      "funding": {
        "url": "https://github.com/sponsors/colinhacks"
      }
    }
  }
}
